// !$*UTF8*$!
{
	archiveVersion = 1;
	classes = {
	};
	objectVersion = 46;
	objects = {

/* Begin PBXBuildFile section */
		0B25AC2E1ACFE82500AA7ACD /* main.m in Sources */ = {isa = PBXBuildFile; fileRef = 0B25AC2D1ACFE82500AA7ACD /* main.m */; };
		0B25AC311ACFE82500AA7ACD /* AppDelegate.m in Sources */ = {isa = PBXBuildFile; fileRef = 0B25AC301ACFE82500AA7ACD /* AppDelegate.m */; };
		0B25AC341ACFE82500AA7ACD /* ViewController.m in Sources */ = {isa = PBXBuildFile; fileRef = 0B25AC331ACFE82500AA7ACD /* ViewController.m */; };
		0B25AC371ACFE82500AA7ACD /* Main.storyboard in Resources */ = {isa = PBXBuildFile; fileRef = 0B25AC351ACFE82500AA7ACD /* Main.storyboard */; };
		0B25AC391ACFE82500AA7ACD /* Images.xcassets in Resources */ = {isa = PBXBuildFile; fileRef = 0B25AC381ACFE82500AA7ACD /* Images.xcassets */; };
		0B25AC3C1ACFE82500AA7ACD /* LaunchScreen.xib in Resources */ = {isa = PBXBuildFile; fileRef = 0B25AC3A1ACFE82500AA7ACD /* LaunchScreen.xib */; };
		0B25AC481ACFE82500AA7ACD /* BonaqueTests.m in Sources */ = {isa = PBXBuildFile; fileRef = 0B25AC471ACFE82500AA7ACD /* BonaqueTests.m */; };
/* End PBXBuildFile section */

/* Begin PBXContainerItemProxy section */
		0B25AC421ACFE82500AA7ACD /* PBXContainerItemProxy */ = {
			isa = PBXContainerItemProxy;
			containerPortal = 0B25AC201ACFE82500AA7ACD /* Project object */;
			proxyType = 1;
			remoteGlobalIDString = 0B25AC271ACFE82500AA7ACD;
			remoteInfo = Bonaque;
		};
/* End PBXContainerItemProxy section */

/* Begin PBXFileReference section */
		0B25AC281ACFE82500AA7ACD /* Bonaque.app */ = {isa = PBXFileReference; explicitFileType = wrapper.application; includeInIndex = 0; path = Bonaque.app; sourceTree = BUILT_PRODUCTS_DIR; };
		0B25AC2C1ACFE82500AA7ACD /* Info.plist */ = {isa = PBXFileReference; lastKnownFileType = text.plist.xml; path = Info.plist; sourceTree = "<group>"; };
		0B25AC2D1ACFE82500AA7ACD /* main.m */ = {isa = PBXFileReference; lastKnownFileType = sourcecode.c.objc; path = main.m; sourceTree = "<group>"; };
		0B25AC2F1ACFE82500AA7ACD /* AppDelegate.h */ = {isa = PBXFileReference; lastKnownFileType = sourcecode.c.h; path = AppDelegate.h; sourceTree = "<group>"; };
		0B25AC301ACFE82500AA7ACD /* AppDelegate.m */ = {isa = PBXFileReference; lastKnownFileType = sourcecode.c.objc; path = AppDelegate.m; sourceTree = "<group>"; };
		0B25AC321ACFE82500AA7ACD /* ViewController.h */ = {isa = PBXFileReference; lastKnownFileType = sourcecode.c.h; path = ViewController.h; sourceTree = "<group>"; };
		0B25AC331ACFE82500AA7ACD /* ViewController.m */ = {isa = PBXFileReference; lastKnownFileType = sourcecode.c.objc; path = ViewController.m; sourceTree = "<group>"; };
		0B25AC361ACFE82500AA7ACD /* Base */ = {isa = PBXFileReference; lastKnownFileType = file.storyboard; name = Base; path = Base.lproj/Main.storyboard; sourceTree = "<group>"; };
		0B25AC381ACFE82500AA7ACD /* Images.xcassets */ = {isa = PBXFileReference; lastKnownFileType = folder.assetcatalog; path = Images.xcassets; sourceTree = "<group>"; };
		0B25AC3B1ACFE82500AA7ACD /* Base */ = {isa = PBXFileReference; lastKnownFileType = file.xib; name = Base; path = Base.lproj/LaunchScreen.xib; sourceTree = "<group>"; };
		0B25AC411ACFE82500AA7ACD /* BonaqueTests.xctest */ = {isa = PBXFileReference; explicitFileType = wrapper.cfbundle; includeInIndex = 0; path = BonaqueTests.xctest; sourceTree = BUILT_PRODUCTS_DIR; };
		0B25AC461ACFE82500AA7ACD /* Info.plist */ = {isa = PBXFileReference; lastKnownFileType = text.plist.xml; path = Info.plist; sourceTree = "<group>"; };
		0B25AC471ACFE82500AA7ACD /* BonaqueTests.m */ = {isa = PBXFileReference; lastKnownFileType = sourcecode.c.objc; path = BonaqueTests.m; sourceTree = "<group>"; };
/* End PBXFileReference section */

/* Begin PBXFrameworksBuildPhase section */
		0B25AC251ACFE82500AA7ACD /* Frameworks */ = {
			isa = PBXFrameworksBuildPhase;
			buildActionMask = 2147483647;
			files = (
			);
			runOnlyForDeploymentPostprocessing = 0;
		};
		0B25AC3E1ACFE82500AA7ACD /* Frameworks */ = {
			isa = PBXFrameworksBuildPhase;
			buildActionMask = 2147483647;
			files = (
			);
			runOnlyForDeploymentPostprocessing = 0;
		};
/* End PBXFrameworksBuildPhase section */

/* Begin PBXGroup section */
		0B25AC1F1ACFE82500AA7ACD = {
			isa = PBXGroup;
			children = (
				0B25AC2A1ACFE82500AA7ACD /* Bonaque */,
				0B25AC441ACFE82500AA7ACD /* BonaqueTests */,
				0B25AC291ACFE82500AA7ACD /* Products */,
			);
			sourceTree = "<group>";
		};
		0B25AC291ACFE82500AA7ACD /* Products */ = {
			isa = PBXGroup;
			children = (
				0B25AC281ACFE82500AA7ACD /* Bonaque.app */,
				0B25AC411ACFE82500AA7ACD /* BonaqueTests.xctest */,
			);
			name = Products;
			sourceTree = "<group>";
		};
		0B25AC2A1ACFE82500AA7ACD /* Bonaque */ = {
			isa = PBXGroup;
			children = (
				0B25AC2F1ACFE82500AA7ACD /* AppDelegate.h */,
				0B25AC301ACFE82500AA7ACD /* AppDelegate.m */,
				0B25AC321ACFE82500AA7ACD /* ViewController.h */,
				0B25AC331ACFE82500AA7ACD /* ViewController.m */,
				0B25AC351ACFE82500AA7ACD /* Main.storyboard */,
				0B25AC381ACFE82500AA7ACD /* Images.xcassets */,
				0B25AC3A1ACFE82500AA7ACD /* LaunchScreen.xib */,
				0B25AC2B1ACFE82500AA7ACD /* Supporting Files */,
			);
			path = Bonaque;
			sourceTree = "<group>";
		};
		0B25AC2B1ACFE82500AA7ACD /* Supporting Files */ = {
			isa = PBXGroup;
			children = (
				0B25AC2C1ACFE82500AA7ACD /* Info.plist */,
				0B25AC2D1ACFE82500AA7ACD /* main.m */,
			);
			name = "Supporting Files";
			sourceTree = "<group>";
		};
		0B25AC441ACFE82500AA7ACD /* BonaqueTests */ = {
			isa = PBXGroup;
			children = (
				0B25AC471ACFE82500AA7ACD /* BonaqueTests.m */,
				0B25AC451ACFE82500AA7ACD /* Supporting Files */,
			);
			path = BonaqueTests;
			sourceTree = "<group>";
		};
		0B25AC451ACFE82500AA7ACD /* Supporting Files */ = {
			isa = PBXGroup;
			children = (
				0B25AC461ACFE82500AA7ACD /* Info.plist */,
			);
			name = "Supporting Files";
			sourceTree = "<group>";
		};
/* End PBXGroup section */

/* Begin PBXNativeTarget section */
		0B25AC271ACFE82500AA7ACD /* Bonaque */ = {
			isa = PBXNativeTarget;
			buildConfigurationList = 0B25AC4B1ACFE82500AA7ACD /* Build configuration list for PBXNativeTarget "Bonaque" */;
			buildPhases = (
				0B25AC241ACFE82500AA7ACD /* Sources */,
				0B25AC251ACFE82500AA7ACD /* Frameworks */,
				0B25AC261ACFE82500AA7ACD /* Resources */,
			);
			buildRules = (
			);
			dependencies = (
			);
			name = Bonaque;
			productName = Bonaque;
			productReference = 0B25AC281ACFE82500AA7ACD /* Bonaque.app */;
			productType = "com.apple.product-type.application";
		};
		0B25AC401ACFE82500AA7ACD /* BonaqueTests */ = {
			isa = PBXNativeTarget;
			buildConfigurationList = 0B25AC4E1ACFE82500AA7ACD /* Build configuration list for PBXNativeTarget "BonaqueTests" */;
			buildPhases = (
				0B25AC3D1ACFE82500AA7ACD /* Sources */,
				0B25AC3E1ACFE82500AA7ACD /* Frameworks */,
				0B25AC3F1ACFE82500AA7ACD /* Resources */,
			);
			buildRules = (
			);
			dependencies = (
				0B25AC431ACFE82500AA7ACD /* PBXTargetDependency */,
			);
			name = BonaqueTests;
			productName = BonaqueTests;
			productReference = 0B25AC411ACFE82500AA7ACD /* BonaqueTests.xctest */;
			productType = "com.apple.product-type.bundle.unit-test";
		};
/* End PBXNativeTarget section */

/* Begin PBXProject section */
		0B25AC201ACFE82500AA7ACD /* Project object */ = {
			isa = PBXProject;
			attributes = {
				LastUpgradeCheck = 0620;
				ORGANIZATIONNAME = "Od Innovation LLC";
				TargetAttributes = {
					0B25AC271ACFE82500AA7ACD = {
						CreatedOnToolsVersion = 6.2;
					};
					0B25AC401ACFE82500AA7ACD = {
						CreatedOnToolsVersion = 6.2;
						TestTargetID = 0B25AC271ACFE82500AA7ACD;
					};
				};
			};
			buildConfigurationList = 0B25AC231ACFE82500AA7ACD /* Build configuration list for PBXProject "Bonaque" */;
			compatibilityVersion = "Xcode 3.2";
			developmentRegion = English;
			hasScannedForEncodings = 0;
			knownRegions = (
				en,
				Base,
			);
			mainGroup = 0B25AC1F1ACFE82500AA7ACD;
			productRefGroup = 0B25AC291ACFE82500AA7ACD /* Products */;
			projectDirPath = "";
			projectRoot = "";
			targets = (
				0B25AC271ACFE82500AA7ACD /* Bonaque */,
				0B25AC401ACFE82500AA7ACD /* BonaqueTests */,
			);
		};
/* End PBXProject section */

/* Begin PBXResourcesBuildPhase section */
		0B25AC261ACFE82500AA7ACD /* Resources */ = {
			isa = PBXResourcesBuildPhase;
			buildActionMask = 2147483647;
			files = (
				0B25AC371ACFE82500AA7ACD /* Main.storyboard in Resources */,
				0B25AC3C1ACFE82500AA7ACD /* LaunchScreen.xib in Resources */,
				0B25AC391ACFE82500AA7ACD /* Images.xcassets in Resources */,
			);
			runOnlyForDeploymentPostprocessing = 0;
		};
		0B25AC3F1ACFE82500AA7ACD /* Resources */ = {
			isa = PBXResourcesBuildPhase;
			buildActionMask = 2147483647;
			files = (
			);
			runOnlyForDeploymentPostprocessing = 0;
		};
/* End PBXResourcesBuildPhase section */

/* Begin PBXSourcesBuildPhase section */
		0B25AC241ACFE82500AA7ACD /* Sources */ = {
			isa = PBXSourcesBuildPhase;
			buildActionMask = 2147483647;
			files = (
				0B25AC341ACFE82500AA7ACD /* ViewController.m in Sources */,
				0B25AC311ACFE82500AA7ACD /* AppDelegate.m in Sources */,
				0B25AC2E1ACFE82500AA7ACD /* main.m in Sources */,
			);
			runOnlyForDeploymentPostprocessing = 0;
		};
		0B25AC3D1ACFE82500AA7ACD /* Sources */ = {
			isa = PBXSourcesBuildPhase;
			buildActionMask = 2147483647;
			files = (
				0B25AC481ACFE82500AA7ACD /* BonaqueTests.m in Sources */,
			);
			runOnlyForDeploymentPostprocessing = 0;
		};
/* End PBXSourcesBuildPhase section */

/* Begin PBXTargetDependency section */
		0B25AC431ACFE82500AA7ACD /* PBXTargetDependency */ = {
			isa = PBXTargetDependency;
			target = 0B25AC271ACFE82500AA7ACD /* Bonaque */;
			targetProxy = 0B25AC421ACFE82500AA7ACD /* PBXContainerItemProxy */;
		};
/* End PBXTargetDependency section */

/* Begin PBXVariantGroup section */
		0B25AC351ACFE82500AA7ACD /* Main.storyboard */ = {
			isa = PBXVariantGroup;
			children = (
				0B25AC361ACFE82500AA7ACD /* Base */,
			);
			name = Main.storyboard;
			sourceTree = "<group>";
		};
		0B25AC3A1ACFE82500AA7ACD /* LaunchScreen.xib */ = {
			isa = PBXVariantGroup;
			children = (
				0B25AC3B1ACFE82500AA7ACD /* Base */,
			);
			name = LaunchScreen.xib;
			sourceTree = "<group>";
		};
/* End PBXVariantGroup section */

/* Begin XCBuildConfiguration section */
		0B25AC491ACFE82500AA7ACD /* Debug */ = {
			isa = XCBuildConfiguration;
			buildSettings = {
				ALWAYS_SEARCH_USER_PATHS = NO;
				CLANG_CXX_LANGUAGE_STANDARD = "gnu++0x";
				CLANG_CXX_LIBRARY = "libc++";
				CLANG_ENABLE_MODULES = YES;
				CLANG_ENABLE_OBJC_ARC = YES;
				CLANG_WARN_BOOL_CONVERSION = YES;
				CLANG_WARN_CONSTANT_CONVERSION = YES;
				CLANG_WARN_DIRECT_OBJC_ISA_USAGE = YES_ERROR;
				CLANG_WARN_EMPTY_BODY = YES;
				CLANG_WARN_ENUM_CONVERSION = YES;
				CLANG_WARN_INT_CONVERSION = YES;
				CLANG_WARN_OBJC_ROOT_CLASS = YES_ERROR;
				CLANG_WARN_UNREACHABLE_CODE = YES;
				CLANG_WARN__DUPLICATE_METHOD_MATCH = YES;
				"CODE_SIGN_IDENTITY[sdk=iphoneos*]" = "iPhone Developer";
				COPY_PHASE_STRIP = NO;
				ENABLE_STRICT_OBJC_MSGSEND = YES;
				GCC_C_LANGUAGE_STANDARD = gnu99;
				GCC_DYNAMIC_NO_PIC = NO;
				GCC_OPTIMIZATION_LEVEL = 0;
				GCC_PREPROCESSOR_DEFINITIONS = (
					"DEBUG=1",
					"$(inherited)",
				);
				GCC_SYMBOLS_PRIVATE_EXTERN = NO;
				GCC_WARN_64_TO_32_BIT_CONVERSION = YES;
				GCC_WARN_ABOUT_RETURN_TYPE = YES_ERROR;
				GCC_WARN_UNDECLARED_SELECTOR = YES;
				GCC_WARN_UNINITIALIZED_AUTOS = YES_AGGRESSIVE;
				GCC_WARN_UNUSED_FUNCTION = YES;
				GCC_WARN_UNUSED_VARIABLE = YES;
				IPHONEOS_DEPLOYMENT_TARGET = 8.2;
				MTL_ENABLE_DEBUG_INFO = YES;
				ONLY_ACTIVE_ARCH = YES;
				SDKROOT = iphoneos;
			};
			name = Debug;
		};
		0B25AC4A1ACFE82500AA7ACD /* Release */ = {
			isa = XCBuildConfiguration;
			buildSettings = {
				ALWAYS_SEARCH_USER_PATHS = NO;
				CLANG_CXX_LANGUAGE_STANDARD = "gnu++0x";
				CLANG_CXX_LIBRARY = "libc++";
				CLANG_ENABLE_MODULES = YES;
				CLANG_ENABLE_OBJC_ARC = YES;
				CLANG_WARN_BOOL_CONVERSION = YES;
				CLANG_WARN_CONSTANT_CONVERSION = YES;
				CLANG_WARN_DIRECT_OBJC_ISA_USAGE = YES_ERROR;
				CLANG_WARN_EMPTY_BODY = YES;
				CLANG_WARN_ENUM_CONVERSION = YES;
				CLANG_WARN_INT_CONVERSION = YES;
				CLANG_WARN_OBJC_ROOT_CLASS = YES_ERROR;
				CLANG_WARN_UNREACHABLE_CODE = YES;
				CLANG_WARN__DUPLICATE_METHOD_MATCH = YES;
				"CODE_SIGN_IDENTITY[sdk=iphoneos*]" = "iPhone Developer";
				COPY_PHASE_STRIP = NO;
				ENABLE_NS_ASSERTIONS = NO;
				ENABLE_STRICT_OBJC_MSGSEND = YES;
				GCC_C_LANGUAGE_STANDARD = gnu99;
				GCC_WARN_64_TO_32_BIT_CONVERSION = YES;
				GCC_WARN_ABOUT_RETURN_TYPE = YES_ERROR;
				GCC_WARN_UNDECLARED_SELECTOR = YES;
				GCC_WARN_UNINITIALIZED_AUTOS = YES_AGGRESSIVE;
				GCC_WARN_UNUSED_FUNCTION = YES;
				GCC_WARN_UNUSED_VARIABLE = YES;
				IPHONEOS_DEPLOYMENT_TARGET = 8.2;
				MTL_ENABLE_DEBUG_INFO = NO;
				SDKROOT = iphoneos;
				VALIDATE_PRODUCT = YES;
			};
			name = Release;
		};
		0B25AC4C1ACFE82500AA7ACD /* Debug */ = {
			isa = XCBuildConfiguration;
			buildSettings = {
				ASSETCATALOG_COMPILER_APPICON_NAME = AppIcon;
				INFOPLIST_FILE = Bonaque/Info.plist;
				LD_RUNPATH_SEARCH_PATHS = "$(inherited) @executable_path/Frameworks";
				PRODUCT_NAME = "$(TARGET_NAME)";
			};
			name = Debug;
		};
		0B25AC4D1ACFE82500AA7ACD /* Release */ = {
			isa = XCBuildConfiguration;
			buildSettings = {
				ASSETCATALOG_COMPILER_APPICON_NAME = AppIcon;
				INFOPLIST_FILE = Bonaque/Info.plist;
				LD_RUNPATH_SEARCH_PATHS = "$(inherited) @executable_path/Frameworks";
				PRODUCT_NAME = "$(TARGET_NAME)";
			};
			name = Release;
		};
		0B25AC4F1ACFE82500AA7ACD /* Debug */ = {
			isa = XCBuildConfiguration;
			buildSettings = {
				BUNDLE_LOADER = "$(TEST_HOST)";
				FRAMEWORK_SEARCH_PATHS = (
					"$(SDKROOT)/Developer/Library/Frameworks",
					"$(inherited)",
				);
				GCC_PREPROCESSOR_DEFINITIONS = (
					"DEBUG=1",
					"$(inherited)",
				);
				INFOPLIST_FILE = BonaqueTests/Info.plist;
				LD_RUNPATH_SEARCH_PATHS = "$(inherited) @executable_path/Frameworks @loader_path/Frameworks";
				PRODUCT_NAME = "$(TARGET_NAME)";
				TEST_HOST = "$(BUILT_PRODUCTS_DIR)/Bonaque.app/Bonaque";
			};
			name = Debug;
		};
		0B25AC501ACFE82500AA7ACD /* Release */ = {
			isa = XCBuildConfiguration;
			buildSettings = {
				BUNDLE_LOADER = "$(TEST_HOST)";
				FRAMEWORK_SEARCH_PATHS = (
					"$(SDKROOT)/Developer/Library/Frameworks",
					"$(inherited)",
				);
				INFOPLIST_FILE = BonaqueTests/Info.plist;
				LD_RUNPATH_SEARCH_PATHS = "$(inherited) @executable_path/Frameworks @loader_path/Frameworks";
				PRODUCT_NAME = "$(TARGET_NAME)";
				TEST_HOST = "$(BUILT_PRODUCTS_DIR)/Bonaque.app/Bonaque";
			};
			name = Release;
		};
/* End XCBuildConfiguration section */

/* Begin XCConfigurationList section */
		0B25AC231ACFE82500AA7ACD /* Build configuration list for PBXProject "Bonaque" */ = {
			isa = XCConfigurationList;
			buildConfigurations = (
				0B25AC491ACFE82500AA7ACD /* Debug */,
				0B25AC4A1ACFE82500AA7ACD /* Release */,
			);
			defaultConfigurationIsVisible = 0;
			defaultConfigurationName = Release;
		};
		0B25AC4B1ACFE82500AA7ACD /* Build configuration list for PBXNativeTarget "Bonaque" */ = {
			isa = XCConfigurationList;
			buildConfigurations = (
				0B25AC4C1ACFE82500AA7ACD /* Debug */,
				0B25AC4D1ACFE82500AA7ACD /* Release */,
			);
			defaultConfigurationIsVisible = 0;
		};
		0B25AC4E1ACFE82500AA7ACD /* Build configuration list for PBXNativeTarget "BonaqueTests" */ = {
			isa = XCConfigurationList;
			buildConfigurations = (
				0B25AC4F1ACFE82500AA7ACD /* Debug */,
				0B25AC501ACFE82500AA7ACD /* Release */,
			);
			defaultConfigurationIsVisible = 0;
		};
/* End XCConfigurationList section */
	};
	rootObject = 0B25AC201ACFE82500AA7ACD /* Project object */;
}
